// !$*UTF8*$!
{
	archiveVersion = 1;
	classes = {
	};
	objectVersion = 56;
	objects = {

/* Begin PBXBuildFile section */
		3C2DDF302A64D7CC002D34EC /* Question2.swift in Sources */ = {isa = PBXBuildFile; fileRef = 3C2DDF2F2A64D7CC002D34EC /* Question2.swift */; };
		3C2DDF322A64D818002D34EC /* Question1.swift in Sources */ = {isa = PBXBuildFile; fileRef = 3C2DDF312A64D818002D34EC /* Question1.swift */; };
		3C2DDF342A64D834002D34EC /* Question3.swift in Sources */ = {isa = PBXBuildFile; fileRef = 3C2DDF332A64D834002D34EC /* Question3.swift */; };
		3CCECEB02A61DFFC00FA7759 /* Question_AppApp.swift in Sources */ = {isa = PBXBuildFile; fileRef = 3CCECEAF2A61DFFC00FA7759 /* Question_AppApp.swift */; };
		3CCECEB42A61DFFC00FA7759 /* Assets.xcassets in Resources */ = {isa = PBXBuildFile; fileRef = 3CCECEB32A61DFFC00FA7759 /* Assets.xcassets */; };
		3CCECEB72A61DFFC00FA7759 /* Preview Assets.xcassets in Resources */ = {isa = PBXBuildFile; fileRef = 3CCECEB62A61DFFC00FA7759 /* Preview Assets.xcassets */; };
		3CCECEC12A61DFFC00FA7759 /* Question_AppTests.swift in Sources */ = {isa = PBXBuildFile; fileRef = 3CCECEC02A61DFFC00FA7759 /* Question_AppTests.swift */; };
		3CCECECB2A61DFFD00FA7759 /* Question_AppUITests.swift in Sources */ = {isa = PBXBuildFile; fileRef = 3CCECECA2A61DFFD00FA7759 /* Question_AppUITests.swift */; };
		3CCECECD2A61DFFD00FA7759 /* Question_AppUITestsLaunchTests.swift in Sources */ = {isa = PBXBuildFile; fileRef = 3CCECECC2A61DFFD00FA7759 /* Question_AppUITestsLaunchTests.swift */; };
/* End PBXBuildFile section */

/* Begin PBXContainerItemProxy section */
		3CCECEBD2A61DFFC00FA7759 /* PBXContainerItemProxy */ = {
			isa = PBXContainerItemProxy;
			containerPortal = 3CCECEA42A61DFFC00FA7759 /* Project object */;
			proxyType = 1;
			remoteGlobalIDString = 3CCECEAB2A61DFFC00FA7759;
			remoteInfo = "Question App";
		};
		3CCECEC72A61DFFD00FA7759 /* PBXContainerItemProxy */ = {
			isa = PBXContainerItemProxy;
			containerPortal = 3CCECEA42A61DFFC00FA7759 /* Project object */;
			proxyType = 1;
			remoteGlobalIDString = 3CCECEAB2A61DFFC00FA7759;
			remoteInfo = "Question App";
		};
/* End PBXContainerItemProxy section */

/* Begin PBXFileReference section */
		3C2DDF2F2A64D7CC002D34EC /* Question2.swift */ = {isa = PBXFileReference; lastKnownFileType = sourcecode.swift; path = Question2.swift; sourceTree = "<group>"; };
		3C2DDF312A64D818002D34EC /* Question1.swift */ = {isa = PBXFileReference; lastKnownFileType = sourcecode.swift; path = Question1.swift; sourceTree = "<group>"; };
		3C2DDF332A64D834002D34EC /* Question3.swift */ = {isa = PBXFileReference; lastKnownFileType = sourcecode.swift; path = Question3.swift; sourceTree = "<group>"; };
		3CCECEAC2A61DFFC00FA7759 /* Question App.app */ = {isa = PBXFileReference; explicitFileType = wrapper.application; includeInIndex = 0; path = "Question App.app"; sourceTree = BUILT_PRODUCTS_DIR; };
		3CCECEAF2A61DFFC00FA7759 /* Question_AppApp.swift */ = {isa = PBXFileReference; lastKnownFileType = sourcecode.swift; path = Question_AppApp.swift; sourceTree = "<group>"; };
		3CCECEB32A61DFFC00FA7759 /* Assets.xcassets */ = {isa = PBXFileReference; lastKnownFileType = folder.assetcatalog; path = Assets.xcassets; sourceTree = "<group>"; };
		3CCECEB62A61DFFC00FA7759 /* Preview Assets.xcassets */ = {isa = PBXFileReference; lastKnownFileType = folder.assetcatalog; path = "Preview Assets.xcassets"; sourceTree = "<group>"; };
		3CCECEBC2A61DFFC00FA7759 /* Question AppTests.xctest */ = {isa = PBXFileReference; explicitFileType = wrapper.cfbundle; includeInIndex = 0; path = "Question AppTests.xctest"; sourceTree = BUILT_PRODUCTS_DIR; };
		3CCECEC02A61DFFC00FA7759 /* Question_AppTests.swift */ = {isa = PBXFileReference; lastKnownFileType = sourcecode.swift; path = Question_AppTests.swift; sourceTree = "<group>"; };
		3CCECEC62A61DFFD00FA7759 /* Question AppUITests.xctest */ = {isa = PBXFileReference; explicitFileType = wrapper.cfbundle; includeInIndex = 0; path = "Question AppUITests.xctest"; sourceTree = BUILT_PRODUCTS_DIR; };
		3CCECECA2A61DFFD00FA7759 /* Question_AppUITests.swift */ = {isa = PBXFileReference; lastKnownFileType = sourcecode.swift; path = Question_AppUITests.swift; sourceTree = "<group>"; };
		3CCECECC2A61DFFD00FA7759 /* Question_AppUITestsLaunchTests.swift */ = {isa = PBXFileReference; lastKnownFileType = sourcecode.swift; path = Question_AppUITestsLaunchTests.swift; sourceTree = "<group>"; };
/* End PBXFileReference section */

/* Begin PBXFrameworksBuildPhase section */
		3CCECEA92A61DFFC00FA7759 /* Frameworks */ = {
			isa = PBXFrameworksBuildPhase;
			buildActionMask = 2147483647;
			files = (
			);
			runOnlyForDeploymentPostprocessing = 0;
		};
		3CCECEB92A61DFFC00FA7759 /* Frameworks */ = {
			isa = PBXFrameworksBuildPhase;
			buildActionMask = 2147483647;
			files = (
			);
			runOnlyForDeploymentPostprocessing = 0;
		};
		3CCECEC32A61DFFD00FA7759 /* Frameworks */ = {
			isa = PBXFrameworksBuildPhase;
			buildActionMask = 2147483647;
			files = (
			);
			runOnlyForDeploymentPostprocessing = 0;
		};
/* End PBXFrameworksBuildPhase section */

/* Begin PBXGroup section */
		3CCECEA32A61DFFC00FA7759 = {
			isa = PBXGroup;
			children = (
				3CCECEAE2A61DFFC00FA7759 /* Question App */,
				3CCECEBF2A61DFFC00FA7759 /* Question AppTests */,
				3CCECEC92A61DFFD00FA7759 /* Question AppUITests */,
				3CCECEAD2A61DFFC00FA7759 /* Products */,
			);
			sourceTree = "<group>";
		};
		3CCECEAD2A61DFFC00FA7759 /* Products */ = {
			isa = PBXGroup;
			children = (
				3CCECEAC2A61DFFC00FA7759 /* Question App.app */,
				3CCECEBC2A61DFFC00FA7759 /* Question AppTests.xctest */,
				3CCECEC62A61DFFD00FA7759 /* Question AppUITests.xctest */,
			);
			name = Products;
			sourceTree = "<group>";
		};
		3CCECEAE2A61DFFC00FA7759 /* Question App */ = {
			isa = PBXGroup;
			children = (
				3CCECEAF2A61DFFC00FA7759 /* Question_AppApp.swift */,
				3C2DDF312A64D818002D34EC /* Question1.swift */,
				3C2DDF2F2A64D7CC002D34EC /* Question2.swift */,
				3C2DDF332A64D834002D34EC /* Question3.swift */,
				3CCECEB32A61DFFC00FA7759 /* Assets.xcassets */,
				3CCECEB52A61DFFC00FA7759 /* Preview Content */,
			);
			path = "Question App";
			sourceTree = "<group>";
		};
		3CCECEB52A61DFFC00FA7759 /* Preview Content */ = {
			isa = PBXGroup;
			children = (
				3CCECEB62A61DFFC00FA7759 /* Preview Assets.xcassets */,
			);
			path = "Preview Content";
			sourceTree = "<group>";
		};
		3CCECEBF2A61DFFC00FA7759 /* Question AppTests */ = {
			isa = PBXGroup;
			children = (
				3CCECEC02A61DFFC00FA7759 /* Question_AppTests.swift */,
			);
			path = "Question AppTests";
			sourceTree = "<group>";
		};
		3CCECEC92A61DFFD00FA7759 /* Question AppUITests */ = {
			isa = PBXGroup;
			children = (
				3CCECECA2A61DFFD00FA7759 /* Question_AppUITests.swift */,
				3CCECECC2A61DFFD00FA7759 /* Question_AppUITestsLaunchTests.swift */,
			);
			path = "Question AppUITests";
			sourceTree = "<group>";
		};
/* End PBXGroup section */

/* Begin PBXNativeTarget section */
		3CCECEAB2A61DFFC00FA7759 /* Question App */ = {
			isa = PBXNativeTarget;
			buildConfigurationList = 3CCECED02A61DFFD00FA7759 /* Build configuration list for PBXNativeTarget "Question App" */;
			buildPhases = (
				3CCECEA82A61DFFC00FA7759 /* Sources */,
				3CCECEA92A61DFFC00FA7759 /* Frameworks */,
				3CCECEAA2A61DFFC00FA7759 /* Resources */,
			);
			buildRules = (
			);
			dependencies = (
			);
			name = "Question App";
			productName = "Question App";
			productReference = 3CCECEAC2A61DFFC00FA7759 /* Question App.app */;
			productType = "com.apple.product-type.application";
		};
		3CCECEBB2A61DFFC00FA7759 /* Question AppTests */ = {
			isa = PBXNativeTarget;
			buildConfigurationList = 3CCECED32A61DFFD00FA7759 /* Build configuration list for PBXNativeTarget "Question AppTests" */;
			buildPhases = (
				3CCECEB82A61DFFC00FA7759 /* Sources */,
				3CCECEB92A61DFFC00FA7759 /* Frameworks */,
				3CCECEBA2A61DFFC00FA7759 /* Resources */,
			);
			buildRules = (
			);
			dependencies = (
				3CCECEBE2A61DFFC00FA7759 /* PBXTargetDependency */,
			);
			name = "Question AppTests";
			productName = "Question AppTests";
			productReference = 3CCECEBC2A61DFFC00FA7759 /* Question AppTests.xctest */;
			productType = "com.apple.product-type.bundle.unit-test";
		};
		3CCECEC52A61DFFD00FA7759 /* Question AppUITests */ = {
			isa = PBXNativeTarget;
			buildConfigurationList = 3CCECED62A61DFFD00FA7759 /* Build configuration list for PBXNativeTarget "Question AppUITests" */;
			buildPhases = (
				3CCECEC22A61DFFD00FA7759 /* Sources */,
				3CCECEC32A61DFFD00FA7759 /* Frameworks */,
				3CCECEC42A61DFFD00FA7759 /* Resources */,
			);
			buildRules = (
			);
			dependencies = (
				3CCECEC82A61DFFD00FA7759 /* PBXTargetDependency */,
			);
			name = "Question AppUITests";
			productName = "Question AppUITests";
			productReference = 3CCECEC62A61DFFD00FA7759 /* Question AppUITests.xctest */;
			productType = "com.apple.product-type.bundle.ui-testing";
		};
/* End PBXNativeTarget section */

/* Begin PBXProject section */
		3CCECEA42A61DFFC00FA7759 /* Project object */ = {
			isa = PBXProject;
			attributes = {
				BuildIndependentTargetsInParallel = 1;
				LastSwiftUpdateCheck = 1430;
				LastUpgradeCheck = 1430;
				TargetAttributes = {
					3CCECEAB2A61DFFC00FA7759 = {
						CreatedOnToolsVersion = 14.3.1;
					};
					3CCECEBB2A61DFFC00FA7759 = {
						CreatedOnToolsVersion = 14.3.1;
						TestTargetID = 3CCECEAB2A61DFFC00FA7759;
					};
					3CCECEC52A61DFFD00FA7759 = {
						CreatedOnToolsVersion = 14.3.1;
						TestTargetID = 3CCECEAB2A61DFFC00FA7759;
					};
				};
			};
			buildConfigurationList = 3CCECEA72A61DFFC00FA7759 /* Build configuration list for PBXProject "Question App" */;
			compatibilityVersion = "Xcode 14.0";
			developmentRegion = en;
			hasScannedForEncodings = 0;
			knownRegions = (
				en,
				Base,
			);
			mainGroup = 3CCECEA32A61DFFC00FA7759;
			productRefGroup = 3CCECEAD2A61DFFC00FA7759 /* Products */;
			projectDirPath = "";
			projectRoot = "";
			targets = (
				3CCECEAB2A61DFFC00FA7759 /* Question App */,
				3CCECEBB2A61DFFC00FA7759 /* Question AppTests */,
				3CCECEC52A61DFFD00FA7759 /* Question AppUITests */,
			);
		};
/* End PBXProject section */

/* Begin PBXResourcesBuildPhase section */
		3CCECEAA2A61DFFC00FA7759 /* Resources */ = {
			isa = PBXResourcesBuildPhase;
			buildActionMask = 2147483647;
			files = (
				3CCECEB72A61DFFC00FA7759 /* Preview Assets.xcassets in Resources */,
				3CCECEB42A61DFFC00FA7759 /* Assets.xcassets in Resources */,
			);
			runOnlyForDeploymentPostprocessing = 0;
		};
		3CCECEBA2A61DFFC00FA7759 /* Resources */ = {
			isa = PBXResourcesBuildPhase;
			buildActionMask = 2147483647;
			files = (
			);
			runOnlyForDeploymentPostprocessing = 0;
		};
		3CCECEC42A61DFFD00FA7759 /* Resources */ = {
			isa = PBXResourcesBuildPhase;
			buildActionMask = 2147483647;
			files = (
			);
			runOnlyForDeploymentPostprocessing = 0;
		};
/* End PBXResourcesBuildPhase section */

/* Begin PBXSourcesBuildPhase section */
		3CCECEA82A61DFFC00FA7759 /* Sources */ = {
			isa = PBXSourcesBuildPhase;
			buildActionMask = 2147483647;
			files = (
				3C2DDF302A64D7CC002D34EC /* Question2.swift in Sources */,
				3C2DDF342A64D834002D34EC /* Question3.swift in Sources */,
				3CCECEB02A61DFFC00FA7759 /* Question_AppApp.swift in Sources */,
				3C2DDF322A64D818002D34EC /* Question1.swift in Sources */,
			);
			runOnlyForDeploymentPostprocessing = 0;
		};
		3CCECEB82A61DFFC00FA7759 /* Sources */ = {
			isa = PBXSourcesBuildPhase;
			buildActionMask = 2147483647;
			files = (
				3CCECEC12A61DFFC00FA7759 /* Question_AppTests.swift in Sources */,
			);
			runOnlyForDeploymentPostprocessing = 0;
		};
		3CCECEC22A61DFFD00FA7759 /* Sources */ = {
			isa = PBXSourcesBuildPhase;
			buildActionMask = 2147483647;
			files = (
				3CCECECD2A61DFFD00FA7759 /* Question_AppUITestsLaunchTests.swift in Sources */,
				3CCECECB2A61DFFD00FA7759 /* Question_AppUITests.swift in Sources */,
			);
			runOnlyForDeploymentPostprocessing = 0;
		};
/* End PBXSourcesBuildPhase section */

/* Begin PBXTargetDependency section */
		3CCECEBE2A61DFFC00FA7759 /* PBXTargetDependency */ = {
			isa = PBXTargetDependency;
			target = 3CCECEAB2A61DFFC00FA7759 /* Question App */;
			targetProxy = 3CCECEBD2A61DFFC00FA7759 /* PBXContainerItemProxy */;
		};
		3CCECEC82A61DFFD00FA7759 /* PBXTargetDependency */ = {
			isa = PBXTargetDependency;
			target = 3CCECEAB2A61DFFC00FA7759 /* Question App */;
			targetProxy = 3CCECEC72A61DFFD00FA7759 /* PBXContainerItemProxy */;
		};
/* End PBXTargetDependency section */

/* Begin XCBuildConfiguration section */
		3CCECECE2A61DFFD00FA7759 /* Debug */ = {
			isa = XCBuildConfiguration;
			buildSettings = {
				ALWAYS_SEARCH_USER_PATHS = NO;
				CLANG_ANALYZER_NONNULL = YES;
				CLANG_ANALYZER_NUMBER_OBJECT_CONVERSION = YES_AGGRESSIVE;
				CLANG_CXX_LANGUAGE_STANDARD = "gnu++20";
				CLANG_ENABLE_MODULES = YES;
				CLANG_ENABLE_OBJC_ARC = YES;
				CLANG_ENABLE_OBJC_WEAK = YES;
				CLANG_WARN_BLOCK_CAPTURE_AUTORELEASING = YES;
				CLANG_WARN_BOOL_CONVERSION = YES;
				CLANG_WARN_COMMA = YES;
				CLANG_WARN_CONSTANT_CONVERSION = YES;
				CLANG_WARN_DEPRECATED_OBJC_IMPLEMENTATIONS = YES;
				CLANG_WARN_DIRECT_OBJC_ISA_USAGE = YES_ERROR;
				CLANG_WARN_DOCUMENTATION_COMMENTS = YES;
				CLANG_WARN_EMPTY_BODY = YES;
				CLANG_WARN_ENUM_CONVERSION = YES;
				CLANG_WARN_INFINITE_RECURSION = YES;
				CLANG_WARN_INT_CONVERSION = YES;
				CLANG_WARN_NON_LITERAL_NULL_CONVERSION = YES;
				CLANG_WARN_OBJC_IMPLICIT_RETAIN_SELF = YES;
				CLANG_WARN_OBJC_LITERAL_CONVERSION = YES;
				CLANG_WARN_OBJC_ROOT_CLASS = YES_ERROR;
				CLANG_WARN_QUOTED_INCLUDE_IN_FRAMEWORK_HEADER = YES;
				CLANG_WARN_RANGE_LOOP_ANALYSIS = YES;
				CLANG_WARN_STRICT_PROTOTYPES = YES;
				CLANG_WARN_SUSPICIOUS_MOVE = YES;
				CLANG_WARN_UNGUARDED_AVAILABILITY = YES_AGGRESSIVE;
				CLANG_WARN_UNREACHABLE_CODE = YES;
				CLANG_WARN__DUPLICATE_METHOD_MATCH = YES;
				COPY_PHASE_STRIP = NO;
				DEBUG_INFORMATION_FORMAT = dwarf;
				ENABLE_STRICT_OBJC_MSGSEND = YES;
				ENABLE_TESTABILITY = YES;
				GCC_C_LANGUAGE_STANDARD = gnu11;
				GCC_DYNAMIC_NO_PIC = NO;
				GCC_NO_COMMON_BLOCKS = YES;
				GCC_OPTIMIZATION_LEVEL = 0;
				GCC_PREPROCESSOR_DEFINITIONS = (
					"DEBUG=1",
					"$(inherited)",
				);
				GCC_WARN_64_TO_32_BIT_CONVERSION = YES;
				GCC_WARN_ABOUT_RETURN_TYPE = YES_ERROR;
				GCC_WARN_UNDECLARED_SELECTOR = YES;
				GCC_WARN_UNINITIALIZED_AUTOS = YES_AGGRESSIVE;
				GCC_WARN_UNUSED_FUNCTION = YES;
				GCC_WARN_UNUSED_VARIABLE = YES;
				IPHONEOS_DEPLOYMENT_TARGET = 16.4;
				MTL_ENABLE_DEBUG_INFO = INCLUDE_SOURCE;
				MTL_FAST_MATH = YES;
				ONLY_ACTIVE_ARCH = YES;
				SDKROOT = iphoneos;
				SWIFT_ACTIVE_COMPILATION_CONDITIONS = DEBUG;
				SWIFT_OPTIMIZATION_LEVEL = "-Onone";
			};
			name = Debug;
		};
		3CCECECF2A61DFFD00FA7759 /* Release */ = {
			isa = XCBuildConfiguration;
			buildSettings = {
				ALWAYS_SEARCH_USER_PATHS = NO;
				CLANG_ANALYZER_NONNULL = YES;
				CLANG_ANALYZER_NUMBER_OBJECT_CONVERSION = YES_AGGRESSIVE;
				CLANG_CXX_LANGUAGE_STANDARD = "gnu++20";
				CLANG_ENABLE_MODULES = YES;
				CLANG_ENABLE_OBJC_ARC = YES;
				CLANG_ENABLE_OBJC_WEAK = YES;
				CLANG_WARN_BLOCK_CAPTURE_AUTORELEASING = YES;
				CLANG_WARN_BOOL_CONVERSION = YES;
				CLANG_WARN_COMMA = YES;
				CLANG_WARN_CONSTANT_CONVERSION = YES;
				CLANG_WARN_DEPRECATED_OBJC_IMPLEMENTATIONS = YES;
				CLANG_WARN_DIRECT_OBJC_ISA_USAGE = YES_ERROR;
				CLANG_WARN_DOCUMENTATION_COMMENTS = YES;
				CLANG_WARN_EMPTY_BODY = YES;
				CLANG_WARN_ENUM_CONVERSION = YES;
				CLANG_WARN_INFINITE_RECURSION = YES;
				CLANG_WARN_INT_CONVERSION = YES;
				CLANG_WARN_NON_LITERAL_NULL_CONVERSION = YES;
				CLANG_WARN_OBJC_IMPLICIT_RETAIN_SELF = YES;
				CLANG_WARN_OBJC_LITERAL_CONVERSION = YES;
				CLANG_WARN_OBJC_ROOT_CLASS = YES_ERROR;
				CLANG_WARN_QUOTED_INCLUDE_IN_FRAMEWORK_HEADER = YES;
				CLANG_WARN_RANGE_LOOP_ANALYSIS = YES;
				CLANG_WARN_STRICT_PROTOTYPES = YES;
				CLANG_WARN_SUSPICIOUS_MOVE = YES;
				CLANG_WARN_UNGUARDED_AVAILABILITY = YES_AGGRESSIVE;
				CLANG_WARN_UNREACHABLE_CODE = YES;
				CLANG_WARN__DUPLICATE_METHOD_MATCH = YES;
				COPY_PHASE_STRIP = NO;
				DEBUG_INFORMATION_FORMAT = "dwarf-with-dsym";
				ENABLE_NS_ASSERTIONS = NO;
				ENABLE_STRICT_OBJC_MSGSEND = YES;
				GCC_C_LANGUAGE_STANDARD = gnu11;
				GCC_NO_COMMON_BLOCKS = YES;
				GCC_WARN_64_TO_32_BIT_CONVERSION = YES;
				GCC_WARN_ABOUT_RETURN_TYPE = YES_ERROR;
				GCC_WARN_UNDECLARED_SELECTOR = YES;
				GCC_WARN_UNINITIALIZED_AUTOS = YES_AGGRESSIVE;
				GCC_WARN_UNUSED_FUNCTION = YES;
				GCC_WARN_UNUSED_VARIABLE = YES;
				IPHONEOS_DEPLOYMENT_TARGET = 16.4;
				MTL_ENABLE_DEBUG_INFO = NO;
				MTL_FAST_MATH = YES;
				SDKROOT = iphoneos;
				SWIFT_COMPILATION_MODE = wholemodule;
				SWIFT_OPTIMIZATION_LEVEL = "-O";
				VALIDATE_PRODUCT = YES;
			};
			name = Release;
		};
		3CCECED12A61DFFD00FA7759 /* Debug */ = {
			isa = XCBuildConfiguration;
			buildSettings = {
				ASSETCATALOG_COMPILER_APPICON_NAME = AppIcon;
				ASSETCATALOG_COMPILER_GLOBAL_ACCENT_COLOR_NAME = AccentColor;
				CODE_SIGN_STYLE = Automatic;
				CURRENT_PROJECT_VERSION = 1;
				DEVELOPMENT_ASSET_PATHS = "\"Question App/Preview Content\"";
				ENABLE_PREVIEWS = YES;
				GENERATE_INFOPLIST_FILE = YES;
				INFOPLIST_KEY_UIApplicationSceneManifest_Generation = YES;
				INFOPLIST_KEY_UIApplicationSupportsIndirectInputEvents = YES;
				INFOPLIST_KEY_UILaunchScreen_Generation = YES;
				INFOPLIST_KEY_UISupportedInterfaceOrientations_iPad = "UIInterfaceOrientationPortrait UIInterfaceOrientationPortraitUpsideDown UIInterfaceOrientationLandscapeLeft UIInterfaceOrientationLandscapeRight";
				INFOPLIST_KEY_UISupportedInterfaceOrientations_iPhone = "UIInterfaceOrientationPortrait UIInterfaceOrientationLandscapeLeft UIInterfaceOrientationLandscapeRight";
				LD_RUNPATH_SEARCH_PATHS = (
					"$(inherited)",
					"@executable_path/Frameworks",
				);
				MARKETING_VERSION = 1.0;
				PRODUCT_BUNDLE_IDENTIFIER = "kwk.Question-App";
				PRODUCT_NAME = "$(TARGET_NAME)";
				SWIFT_EMIT_LOC_STRINGS = YES;
				SWIFT_VERSION = 5.0;
				TARGETED_DEVICE_FAMILY = "1,2";
			};
			name = Debug;
		};
		3CCECED22A61DFFD00FA7759 /* Release */ = {
			isa = XCBuildConfiguration;
			buildSettings = {
				ASSETCATALOG_COMPILER_APPICON_NAME = AppIcon;
				ASSETCATALOG_COMPILER_GLOBAL_ACCENT_COLOR_NAME = AccentColor;
				CODE_SIGN_STYLE = Automatic;
				CURRENT_PROJECT_VERSION = 1;
				DEVELOPMENT_ASSET_PATHS = "\"Question App/Preview Content\"";
				ENABLE_PREVIEWS = YES;
				GENERATE_INFOPLIST_FILE = YES;
				INFOPLIST_KEY_UIApplicationSceneManifest_Generation = YES;
				INFOPLIST_KEY_UIApplicationSupportsIndirectInputEvents = YES;
				INFOPLIST_KEY_UILaunchScreen_Generation = YES;
				INFOPLIST_KEY_UISupportedInterfaceOrientations_iPad = "UIInterfaceOrientationPortrait UIInterfaceOrientationPortraitUpsideDown UIInterfaceOrientationLandscapeLeft UIInterfaceOrientationLandscapeRight";
				INFOPLIST_KEY_UISupportedInterfaceOrientations_iPhone = "UIInterfaceOrientationPortrait UIInterfaceOrientationLandscapeLeft UIInterfaceOrientationLandscapeRight";
				LD_RUNPATH_SEARCH_PATHS = (
					"$(inherited)",
					"@executable_path/Frameworks",
				);
				MARKETING_VERSION = 1.0;
				PRODUCT_BUNDLE_IDENTIFIER = "kwk.Question-App";
				PRODUCT_NAME = "$(TARGET_NAME)";
				SWIFT_EMIT_LOC_STRINGS = YES;
				SWIFT_VERSION = 5.0;
				TARGETED_DEVICE_FAMILY = "1,2";
			};
			name = Release;
		};
		3CCECED42A61DFFD00FA7759 /* Debug */ = {
			isa = XCBuildConfiguration;
			buildSettings = {
				ALWAYS_EMBED_SWIFT_STANDARD_LIBRARIES = YES;
				BUNDLE_LOADER = "$(TEST_HOST)";
				CODE_SIGN_STYLE = Automatic;
				CURRENT_PROJECT_VERSION = 1;
				GENERATE_INFOPLIST_FILE = YES;
				IPHONEOS_DEPLOYMENT_TARGET = 16.4;
				MARKETING_VERSION = 1.0;
				PRODUCT_BUNDLE_IDENTIFIER = "kwk.Question-AppTests";
				PRODUCT_NAME = "$(TARGET_NAME)";
				SWIFT_EMIT_LOC_STRINGS = NO;
				SWIFT_VERSION = 5.0;
				TARGETED_DEVICE_FAMILY = "1,2";
				TEST_HOST = "$(BUILT_PRODUCTS_DIR)/Question App.app/$(BUNDLE_EXECUTABLE_FOLDER_PATH)/Question App";
			};
			name = Debug;
		};
		3CCECED52A61DFFD00FA7759 /* Release */ = {
			isa = XCBuildConfiguration;
			buildSettings = {
				ALWAYS_EMBED_SWIFT_STANDARD_LIBRARIES = YES;
				BUNDLE_LOADER = "$(TEST_HOST)";
				CODE_SIGN_STYLE = Automatic;
				CURRENT_PROJECT_VERSION = 1;
				GENERATE_INFOPLIST_FILE = YES;
				IPHONEOS_DEPLOYMENT_TARGET = 16.4;
				MARKETING_VERSION = 1.0;
				PRODUCT_BUNDLE_IDENTIFIER = "kwk.Question-AppTests";
				PRODUCT_NAME = "$(TARGET_NAME)";
				SWIFT_EMIT_LOC_STRINGS = NO;
				SWIFT_VERSION = 5.0;
				TARGETED_DEVICE_FAMILY = "1,2";
				TEST_HOST = "$(BUILT_PRODUCTS_DIR)/Question App.app/$(BUNDLE_EXECUTABLE_FOLDER_PATH)/Question App";
			};
			name = Release;
		};
		3CCECED72A61DFFD00FA7759 /* Debug */ = {
			isa = XCBuildConfiguration;
			buildSettings = {
				ALWAYS_EMBED_SWIFT_STANDARD_LIBRARIES = YES;
				CODE_SIGN_STYLE = Automatic;
				CURRENT_PROJECT_VERSION = 1;
				GENERATE_INFOPLIST_FILE = YES;
				MARKETING_VERSION = 1.0;
				PRODUCT_BUNDLE_IDENTIFIER = "kwk.Question-AppUITests";
				PRODUCT_NAME = "$(TARGET_NAME)";
				SWIFT_EMIT_LOC_STRINGS = NO;
				SWIFT_VERSION = 5.0;
				TARGETED_DEVICE_FAMILY = "1,2";
				TEST_TARGET_NAME = "Question App";
			};
			name = Debug;
		};
		3CCECED82A61DFFD00FA7759 /* Release */ = {
			isa = XCBuildConfiguration;
			buildSettings = {
				ALWAYS_EMBED_SWIFT_STANDARD_LIBRARIES = YES;
				CODE_SIGN_STYLE = Automatic;
				CURRENT_PROJECT_VERSION = 1;
				GENERATE_INFOPLIST_FILE = YES;
				MARKETING_VERSION = 1.0;
				PRODUCT_BUNDLE_IDENTIFIER = "kwk.Question-AppUITests";
				PRODUCT_NAME = "$(TARGET_NAME)";
				SWIFT_EMIT_LOC_STRINGS = NO;
				SWIFT_VERSION = 5.0;
				TARGETED_DEVICE_FAMILY = "1,2";
				TEST_TARGET_NAME = "Question App";
			};
			name = Release;
		};
/* End XCBuildConfiguration section */

/* Begin XCConfigurationList section */
		3CCECEA72A61DFFC00FA7759 /* Build configuration list for PBXProject "Question App" */ = {
			isa = XCConfigurationList;
			buildConfigurations = (
				3CCECECE2A61DFFD00FA7759 /* Debug */,
				3CCECECF2A61DFFD00FA7759 /* Release */,
			);
			defaultConfigurationIsVisible = 0;
			defaultConfigurationName = Release;
		};
		3CCECED02A61DFFD00FA7759 /* Build configuration list for PBXNativeTarget "Question App" */ = {
			isa = XCConfigurationList;
			buildConfigurations = (
				3CCECED12A61DFFD00FA7759 /* Debug */,
				3CCECED22A61DFFD00FA7759 /* Release */,
			);
			defaultConfigurationIsVisible = 0;
			defaultConfigurationName = Release;
		};
		3CCECED32A61DFFD00FA7759 /* Build configuration list for PBXNativeTarget "Question AppTests" */ = {
			isa = XCConfigurationList;
			buildConfigurations = (
				3CCECED42A61DFFD00FA7759 /* Debug */,
				3CCECED52A61DFFD00FA7759 /* Release */,
			);
			defaultConfigurationIsVisible = 0;
			defaultConfigurationName = Release;
		};
		3CCECED62A61DFFD00FA7759 /* Build configuration list for PBXNativeTarget "Question AppUITests" */ = {
			isa = XCConfigurationList;
			buildConfigurations = (
				3CCECED72A61DFFD00FA7759 /* Debug */,
				3CCECED82A61DFFD00FA7759 /* Release */,
			);
			defaultConfigurationIsVisible = 0;
			defaultConfigurationName = Release;
		};
/* End XCConfigurationList section */
	};
	rootObject = 3CCECEA42A61DFFC00FA7759 /* Project object */;
}
